
Microsoft Visual Studio Solution File, Format Version 12.00
# Visual Studio Version 16
VisualStudioVersion = 16.0.31729.503
MinimumVisualStudioVersion = 10.0.40219.1
Project("{FAE04EC0-301F-11D3-BF4B-00C04F79EFBC}") = "TibiaAntyAFK", "TibiaAntyAFK\TibiaAntyAFK.csproj", "{84B76E35-32F5-4484-A5CC-FA1FF52A41F7}"
EndProject
Global
	GlobalSection(SolutionConfigurationPlatforms) = preSolution
		Debug|Any CPU = Debug|Any CPU
		Release|Any CPU = Release|Any CPU
	EndGlobalSection
	GlobalSection(ProjectConfigurationPlatforms) = postSolution
		{84B76E35-32F5-4484-A5CC-FA1FF52A41F7}.Debug|Any CPU.ActiveCfg = Debug|Any CPU
		{84B76E35-32F5-4484-A5CC-FA1FF52A41F7}.Debug|Any CPU.Build.0 = Debug|Any CPU
		{84B76E35-32F5-4484-A5CC-FA1FF52A41F7}.Release|Any CPU.ActiveCfg = Release|Any CPU
		{84B76E35-32F5-4484-A5CC-FA1FF52A41F7}.Release|Any CPU.Build.0 = Release|Any CPU
	EndGlobalSection
	GlobalSection(SolutionProperties) = preSolution
		HideSolutionNode = FALSE
	EndGlobalSection
	GlobalSection(ExtensibilityGlobals) = postSolution
		SolutionGuid = {9696FCFF-63C3-45EE-818D-F4FA6A937E9E}
	EndGlobalSection
EndGlobal
